// !$*UTF8*$!
{
	archiveVersion = 1;
	classes = {
	};
	objectVersion = 46;
	objects = {

/* Begin PBXBuildFile section */
		B13D3A261EF7F0B000ADF97B /* AppDelegate.swift in Sources */ = {isa = PBXBuildFile; fileRef = B13D3A251EF7F0B000ADF97B /* AppDelegate.swift */; };
		B13D3A281EF7F0B000ADF97B /* ViewController.swift in Sources */ = {isa = PBXBuildFile; fileRef = B13D3A271EF7F0B000ADF97B /* ViewController.swift */; };
		B13D3A2B1EF7F0B000ADF97B /* Main.storyboard in Resources */ = {isa = PBXBuildFile; fileRef = B13D3A291EF7F0B000ADF97B /* Main.storyboard */; };
		B13D3A2D1EF7F0B000ADF97B /* Assets.xcassets in Resources */ = {isa = PBXBuildFile; fileRef = B13D3A2C1EF7F0B000ADF97B /* Assets.xcassets */; };
		B13D3A301EF7F0B000ADF97B /* LaunchScreen.storyboard in Resources */ = {isa = PBXBuildFile; fileRef = B13D3A2E1EF7F0B000ADF97B /* LaunchScreen.storyboard */; };
		B13D3A381EF7F0C700ADF97B /* Validatorix.swift in Sources */ = {isa = PBXBuildFile; fileRef = B13D3A371EF7F0C700ADF97B /* Validatorix.swift */; };
		B13D3A3D1EF82A7400ADF97B /* ValidationValue.swift in Sources */ = {isa = PBXBuildFile; fileRef = B13D3A3C1EF82A7400ADF97B /* ValidationValue.swift */; };
		B13D3A3F1EF8315200ADF97B /* Rule.swift in Sources */ = {isa = PBXBuildFile; fileRef = B13D3A3E1EF8315200ADF97B /* Rule.swift */; };
		B13D3A411EF85B2900ADF97B /* RulePopulator.swift in Sources */ = {isa = PBXBuildFile; fileRef = B13D3A401EF85B2900ADF97B /* RulePopulator.swift */; };
		B1EB412D1EF8FED400E85450 /* Constants.swift in Sources */ = {isa = PBXBuildFile; fileRef = B1EB412C1EF8FED400E85450 /* Constants.swift */; };
		B1EB412F1EF9123300E85450 /* ValidationResult.swift in Sources */ = {isa = PBXBuildFile; fileRef = B1EB412E1EF9123300E85450 /* ValidationResult.swift */; };
		B1EB41311EF9165B00E85450 /* ValidationPriority .swift in Sources */ = {isa = PBXBuildFile; fileRef = B1EB41301EF9165B00E85450 /* ValidationPriority .swift */; };
		B1EB41331EF990E300E85450 /* UIKitWrapper.swift in Sources */ = {isa = PBXBuildFile; fileRef = B1EB41321EF990E300E85450 /* UIKitWrapper.swift */; };
/* End PBXBuildFile section */

/* Begin PBXFileReference section */
		B13D3A221EF7F0B000ADF97B /* Validatorix.app */ = {isa = PBXFileReference; explicitFileType = wrapper.application; includeInIndex = 0; path = Validatorix.app; sourceTree = BUILT_PRODUCTS_DIR; };
		B13D3A251EF7F0B000ADF97B /* AppDelegate.swift */ = {isa = PBXFileReference; lastKnownFileType = sourcecode.swift; path = AppDelegate.swift; sourceTree = "<group>"; };
		B13D3A271EF7F0B000ADF97B /* ViewController.swift */ = {isa = PBXFileReference; lastKnownFileType = sourcecode.swift; path = ViewController.swift; sourceTree = "<group>"; };
		B13D3A2A1EF7F0B000ADF97B /* Base */ = {isa = PBXFileReference; lastKnownFileType = file.storyboard; name = Base; path = Base.lproj/Main.storyboard; sourceTree = "<group>"; };
		B13D3A2C1EF7F0B000ADF97B /* Assets.xcassets */ = {isa = PBXFileReference; lastKnownFileType = folder.assetcatalog; path = Assets.xcassets; sourceTree = "<group>"; };
		B13D3A2F1EF7F0B000ADF97B /* Base */ = {isa = PBXFileReference; lastKnownFileType = file.storyboard; name = Base; path = Base.lproj/LaunchScreen.storyboard; sourceTree = "<group>"; };
		B13D3A311EF7F0B000ADF97B /* Info.plist */ = {isa = PBXFileReference; lastKnownFileType = text.plist.xml; path = Info.plist; sourceTree = "<group>"; };
		B13D3A371EF7F0C700ADF97B /* Validatorix.swift */ = {isa = PBXFileReference; fileEncoding = 4; lastKnownFileType = sourcecode.swift; path = Validatorix.swift; sourceTree = "<group>"; };
		B13D3A3C1EF82A7400ADF97B /* ValidationValue.swift */ = {isa = PBXFileReference; fileEncoding = 4; lastKnownFileType = sourcecode.swift; path = ValidationValue.swift; sourceTree = "<group>"; };
		B13D3A3E1EF8315200ADF97B /* Rule.swift */ = {isa = PBXFileReference; fileEncoding = 4; lastKnownFileType = sourcecode.swift; path = Rule.swift; sourceTree = "<group>"; };
		B13D3A401EF85B2900ADF97B /* RulePopulator.swift */ = {isa = PBXFileReference; fileEncoding = 4; lastKnownFileType = sourcecode.swift; path = RulePopulator.swift; sourceTree = "<group>"; };
		B1EB412C1EF8FED400E85450 /* Constants.swift */ = {isa = PBXFileReference; fileEncoding = 4; lastKnownFileType = sourcecode.swift; path = Constants.swift; sourceTree = "<group>"; };
		B1EB412E1EF9123300E85450 /* ValidationResult.swift */ = {isa = PBXFileReference; fileEncoding = 4; lastKnownFileType = sourcecode.swift; path = ValidationResult.swift; sourceTree = "<group>"; };
		B1EB41301EF9165B00E85450 /* ValidationPriority .swift */ = {isa = PBXFileReference; fileEncoding = 4; lastKnownFileType = sourcecode.swift; path = "ValidationPriority .swift"; sourceTree = "<group>"; };
		B1EB41321EF990E300E85450 /* UIKitWrapper.swift */ = {isa = PBXFileReference; fileEncoding = 4; lastKnownFileType = sourcecode.swift; path = UIKitWrapper.swift; sourceTree = "<group>"; };
/* End PBXFileReference section */

/* Begin PBXFrameworksBuildPhase section */
		B13D3A1F1EF7F0B000ADF97B /* Frameworks */ = {
			isa = PBXFrameworksBuildPhase;
			buildActionMask = 2147483647;
			files = (
			);
			runOnlyForDeploymentPostprocessing = 0;
		};
/* End PBXFrameworksBuildPhase section */

/* Begin PBXGroup section */
		B13D3A191EF7F0B000ADF97B = {
			isa = PBXGroup;
			children = (
				B13D3A241EF7F0B000ADF97B /* Validatorix */,
				B13D3A231EF7F0B000ADF97B /* Products */,
			);
			sourceTree = "<group>";
		};
		B13D3A231EF7F0B000ADF97B /* Products */ = {
			isa = PBXGroup;
			children = (
				B13D3A221EF7F0B000ADF97B /* Validatorix.app */,
			);
			name = Products;
			sourceTree = "<group>";
		};
		B13D3A241EF7F0B000ADF97B /* Validatorix */ = {
			isa = PBXGroup;
			children = (
				B13D3A251EF7F0B000ADF97B /* AppDelegate.swift */,
				B13D3A2C1EF7F0B000ADF97B /* Assets.xcassets */,
				B1EB412C1EF8FED400E85450 /* Constants.swift */,
				B13D3A311EF7F0B000ADF97B /* Info.plist */,
				B13D3A2E1EF7F0B000ADF97B /* LaunchScreen.storyboard */,
				B13D3A291EF7F0B000ADF97B /* Main.storyboard */,
				B13D3A3E1EF8315200ADF97B /* Rule.swift */,
				B13D3A401EF85B2900ADF97B /* RulePopulator.swift */,
				B1EB41301EF9165B00E85450 /* ValidationPriority .swift */,
				B1EB412E1EF9123300E85450 /* ValidationResult.swift */,
				B13D3A3C1EF82A7400ADF97B /* ValidationValue.swift */,
				B13D3A371EF7F0C700ADF97B /* Validatorix.swift */,
				B13D3A271EF7F0B000ADF97B /* ViewController.swift */,
				B1EB41321EF990E300E85450 /* UIKitWrapper.swift */,
			);
			path = Validatorix;
			sourceTree = "<group>";
		};
/* End PBXGroup section */

/* Begin PBXNativeTarget section */
		B13D3A211EF7F0B000ADF97B /* Validatorix */ = {
			isa = PBXNativeTarget;
			buildConfigurationList = B13D3A341EF7F0B000ADF97B /* Build configuration list for PBXNativeTarget "Validatorix" */;
			buildPhases = (
				B13D3A1E1EF7F0B000ADF97B /* Sources */,
				B13D3A1F1EF7F0B000ADF97B /* Frameworks */,
				B13D3A201EF7F0B000ADF97B /* Resources */,
			);
			buildRules = (
			);
			dependencies = (
			);
			name = Validatorix;
			productName = Validatorix;
			productReference = B13D3A221EF7F0B000ADF97B /* Validatorix.app */;
			productType = "com.apple.product-type.application";
		};
/* End PBXNativeTarget section */

/* Begin PBXProject section */
		B13D3A1A1EF7F0B000ADF97B /* Project object */ = {
			isa = PBXProject;
			attributes = {
				LastSwiftUpdateCheck = 0830;
				LastUpgradeCheck = 0830;
				ORGANIZATIONNAME = "Andrew Seregin";
				TargetAttributes = {
					B13D3A211EF7F0B000ADF97B = {
						CreatedOnToolsVersion = 8.3.3;
						ProvisioningStyle = Automatic;
					};
				};
			};
			buildConfigurationList = B13D3A1D1EF7F0B000ADF97B /* Build configuration list for PBXProject "Validatorix" */;
			compatibilityVersion = "Xcode 3.2";
			developmentRegion = English;
			hasScannedForEncodings = 0;
			knownRegions = (
				en,
				Base,
			);
			mainGroup = B13D3A191EF7F0B000ADF97B;
			productRefGroup = B13D3A231EF7F0B000ADF97B /* Products */;
			projectDirPath = "";
			projectRoot = "";
			targets = (
				B13D3A211EF7F0B000ADF97B /* Validatorix */,
			);
		};
/* End PBXProject section */

/* Begin PBXResourcesBuildPhase section */
		B13D3A201EF7F0B000ADF97B /* Resources */ = {
			isa = PBXResourcesBuildPhase;
			buildActionMask = 2147483647;
			files = (
				B13D3A301EF7F0B000ADF97B /* LaunchScreen.storyboard in Resources */,
				B13D3A2D1EF7F0B000ADF97B /* Assets.xcassets in Resources */,
				B13D3A2B1EF7F0B000ADF97B /* Main.storyboard in Resources */,
			);
			runOnlyForDeploymentPostprocessing = 0;
		};
/* End PBXResourcesBuildPhase section */

/* Begin PBXSourcesBuildPhase section */
		B13D3A1E1EF7F0B000ADF97B /* Sources */ = {
			isa = PBXSourcesBuildPhase;
			buildActionMask = 2147483647;
			files = (
				B13D3A3D1EF82A7400ADF97B /* ValidationValue.swift in Sources */,
				B1EB41311EF9165B00E85450 /* ValidationPriority .swift in Sources */,
				B13D3A3F1EF8315200ADF97B /* Rule.swift in Sources */,
				B13D3A281EF7F0B000ADF97B /* ViewController.swift in Sources */,
				B1EB412F1EF9123300E85450 /* ValidationResult.swift in Sources */,
				B13D3A381EF7F0C700ADF97B /* Validatorix.swift in Sources */,
				B1EB412D1EF8FED400E85450 /* Constants.swift in Sources */,
				B13D3A411EF85B2900ADF97B /* RulePopulator.swift in Sources */,
				B13D3A261EF7F0B000ADF97B /* AppDelegate.swift in Sources */,
				B1EB41331EF990E300E85450 /* UIKitWrapper.swift in Sources */,
			);
			runOnlyForDeploymentPostprocessing = 0;
		};
/* End PBXSourcesBuildPhase section */

/* Begin PBXVariantGroup section */
		B13D3A291EF7F0B000ADF97B /* Main.storyboard */ = {
			isa = PBXVariantGroup;
			children = (
				B13D3A2A1EF7F0B000ADF97B /* Base */,
			);
			name = Main.storyboard;
			sourceTree = "<group>";
		};
		B13D3A2E1EF7F0B000ADF97B /* LaunchScreen.storyboard */ = {
			isa = PBXVariantGroup;
			children = (
				B13D3A2F1EF7F0B000ADF97B /* Base */,
			);
			name = LaunchScreen.storyboard;
			sourceTree = "<group>";
		};
/* End PBXVariantGroup section */

/* Begin XCBuildConfiguration section */
		B13D3A321EF7F0B000ADF97B /* Debug */ = {
			isa = XCBuildConfiguration;
			buildSettings = {
				ALWAYS_SEARCH_USER_PATHS = NO;
				CLANG_ANALYZER_NONNULL = YES;
				CLANG_ANALYZER_NUMBER_OBJECT_CONVERSION = YES_AGGRESSIVE;
				CLANG_CXX_LANGUAGE_STANDARD = "gnu++0x";
				CLANG_CXX_LIBRARY = "libc++";
				CLANG_ENABLE_MODULES = YES;
				CLANG_ENABLE_OBJC_ARC = YES;
				CLANG_WARN_BOOL_CONVERSION = YES;
				CLANG_WARN_CONSTANT_CONVERSION = YES;
				CLANG_WARN_DIRECT_OBJC_ISA_USAGE = YES_ERROR;
				CLANG_WARN_DOCUMENTATION_COMMENTS = YES;
				CLANG_WARN_EMPTY_BODY = YES;
				CLANG_WARN_ENUM_CONVERSION = YES;
				CLANG_WARN_INFINITE_RECURSION = YES;
				CLANG_WARN_INT_CONVERSION = YES;
				CLANG_WARN_OBJC_ROOT_CLASS = YES_ERROR;
				CLANG_WARN_SUSPICIOUS_MOVE = YES;
				CLANG_WARN_UNREACHABLE_CODE = YES;
				CLANG_WARN__DUPLICATE_METHOD_MATCH = YES;
				"CODE_SIGN_IDENTITY[sdk=iphoneos*]" = "iPhone Developer";
				COPY_PHASE_STRIP = NO;
				DEBUG_INFORMATION_FORMAT = dwarf;
				ENABLE_STRICT_OBJC_MSGSEND = YES;
				ENABLE_TESTABILITY = YES;
				GCC_C_LANGUAGE_STANDARD = gnu99;
				GCC_DYNAMIC_NO_PIC = NO;
				GCC_NO_COMMON_BLOCKS = YES;
				GCC_OPTIMIZATION_LEVEL = 0;
				GCC_PREPROCESSOR_DEFINITIONS = (
					"DEBUG=1",
					"$(inherited)",
				);
				GCC_WARN_64_TO_32_BIT_CONVERSION = YES;
				GCC_WARN_ABOUT_RETURN_TYPE = YES_ERROR;
				GCC_WARN_UNDECLARED_SELECTOR = YES;
				GCC_WARN_UNINITIALIZED_AUTOS = YES_AGGRESSIVE;
				GCC_WARN_UNUSED_FUNCTION = YES;
				GCC_WARN_UNUSED_VARIABLE = YES;
				IPHONEOS_DEPLOYMENT_TARGET = 10.3;
				MTL_ENABLE_DEBUG_INFO = YES;
				ONLY_ACTIVE_ARCH = YES;
				SDKROOT = iphoneos;
				SWIFT_ACTIVE_COMPILATION_CONDITIONS = DEBUG;
				SWIFT_OPTIMIZATION_LEVEL = "-Onone";
			};
			name = Debug;
		};
		B13D3A331EF7F0B000ADF97B /* Release */ = {
			isa = XCBuildConfiguration;
			buildSettings = {
				ALWAYS_SEARCH_USER_PATHS = NO;
				CLANG_ANALYZER_NONNULL = YES;
				CLANG_ANALYZER_NUMBER_OBJECT_CONVERSION = YES_AGGRESSIVE;
				CLANG_CXX_LANGUAGE_STANDARD = "gnu++0x";
				CLANG_CXX_LIBRARY = "libc++";
				CLANG_ENABLE_MODULES = YES;
				CLANG_ENABLE_OBJC_ARC = YES;
				CLANG_WARN_BOOL_CONVERSION = YES;
				CLANG_WARN_CONSTANT_CONVERSION = YES;
				CLANG_WARN_DIRECT_OBJC_ISA_USAGE = YES_ERROR;
				CLANG_WARN_DOCUMENTATION_COMMENTS = YES;
				CLANG_WARN_EMPTY_BODY = YES;
				CLANG_WARN_ENUM_CONVERSION = YES;
				CLANG_WARN_INFINITE_RECURSION = YES;
				CLANG_WARN_INT_CONVERSION = YES;
				CLANG_WARN_OBJC_ROOT_CLASS = YES_ERROR;
				CLANG_WARN_SUSPICIOUS_MOVE = YES;
				CLANG_WARN_UNREACHABLE_CODE = YES;
				CLANG_WARN__DUPLICATE_METHOD_MATCH = YES;
				"CODE_SIGN_IDENTITY[sdk=iphoneos*]" = "iPhone Developer";
				COPY_PHASE_STRIP = NO;
				DEBUG_INFORMATION_FORMAT = "dwarf-with-dsym";
				ENABLE_NS_ASSERTIONS = NO;
				ENABLE_STRICT_OBJC_MSGSEND = YES;
				GCC_C_LANGUAGE_STANDARD = gnu99;
				GCC_NO_COMMON_BLOCKS = YES;
				GCC_WARN_64_TO_32_BIT_CONVERSION = YES;
				GCC_WARN_ABOUT_RETURN_TYPE = YES_ERROR;
				GCC_WARN_UNDECLARED_SELECTOR = YES;
				GCC_WARN_UNINITIALIZED_AUTOS = YES_AGGRESSIVE;
				GCC_WARN_UNUSED_FUNCTION = YES;
				GCC_WARN_UNUSED_VARIABLE = YES;
				IPHONEOS_DEPLOYMENT_TARGET = 10.3;
				MTL_ENABLE_DEBUG_INFO = NO;
				SDKROOT = iphoneos;
				SWIFT_OPTIMIZATION_LEVEL = "-Owholemodule";
				VALIDATE_PRODUCT = YES;
			};
			name = Release;
		};
		B13D3A351EF7F0B000ADF97B /* Debug */ = {
			isa = XCBuildConfiguration;
			buildSettings = {
				ASSETCATALOG_COMPILER_APPICON_NAME = AppIcon;
				INFOPLIST_FILE = Validatorix/Info.plist;
				LD_RUNPATH_SEARCH_PATHS = "$(inherited) @executable_path/Frameworks";
				PRODUCT_BUNDLE_IDENTIFIER = com.gmail.andrew.s.seregin.Validatorix;
				PRODUCT_NAME = "$(TARGET_NAME)";
				SWIFT_VERSION = 3.0;
			};
			name = Debug;
		};
		B13D3A361EF7F0B000ADF97B /* Release */ = {
			isa = XCBuildConfiguration;
			buildSettings = {
				ASSETCATALOG_COMPILER_APPICON_NAME = AppIcon;
				INFOPLIST_FILE = Validatorix/Info.plist;
				LD_RUNPATH_SEARCH_PATHS = "$(inherited) @executable_path/Frameworks";
				PRODUCT_BUNDLE_IDENTIFIER = com.gmail.andrew.s.seregin.Validatorix;
				PRODUCT_NAME = "$(TARGET_NAME)";
				SWIFT_VERSION = 3.0;
			};
			name = Release;
		};
/* End XCBuildConfiguration section */

/* Begin XCConfigurationList section */
		B13D3A1D1EF7F0B000ADF97B /* Build configuration list for PBXProject "Validatorix" */ = {
			isa = XCConfigurationList;
			buildConfigurations = (
				B13D3A321EF7F0B000ADF97B /* Debug */,
				B13D3A331EF7F0B000ADF97B /* Release */,
			);
			defaultConfigurationIsVisible = 0;
			defaultConfigurationName = Release;
		};
		B13D3A341EF7F0B000ADF97B /* Build configuration list for PBXNativeTarget "Validatorix" */ = {
			isa = XCConfigurationList;
			buildConfigurations = (
				B13D3A351EF7F0B000ADF97B /* Debug */,
				B13D3A361EF7F0B000ADF97B /* Release */,
			);
			defaultConfigurationIsVisible = 0;
			defaultConfigurationName = Release;
		};
/* End XCConfigurationList section */
	};
	rootObject = B13D3A1A1EF7F0B000ADF97B /* Project object */;
}
